
Microsoft Visual Studio Solution File, Format Version 12.00
# Visual Studio Version 17
VisualStudioVersion = 17.9.34622.214
MinimumVisualStudioVersion = 10.0.40219.1
Project("{9A19103F-16F7-4668-BE54-9A1E7A4F7556}") = "InsomniaService", "InsomniaService\InsomniaService.csproj", "{512224F7-2D41-4E80-9907-DFA2EB7FB6E9}"
EndProject
Project("{9A19103F-16F7-4668-BE54-9A1E7A4F7556}") = "InsomniaCore", "InsomniaCore\InsomniaCore.csproj", "{F6D28417-9643-4E8D-BDA3-0F3F606B44E8}"
EndProject
Project("{2150E333-8FDC-42A3-9474-1A3956D46DE8}") = "plugins", "plugins", "{E9FBF5F7-F8DE-4AC6-8DCB-4D69B28318DA}"
EndProject
Project("{2150E333-8FDC-42A3-9474-1A3956D46DE8}") = "InsomniaServiceSessionBridge", "InsomniaServiceSessionBridge", "{912F8610-605E-4ED0-B735-A4C17CA1E99B}"
EndProject
Project("{9A19103F-16F7-4668-BE54-9A1E7A4F7556}") = "InsomniaServiceBridge", "plugins\InsomniaServiceSessionBridge\InsomniaServiceBridge\InsomniaServiceBridge.csproj", "{455546CF-2C5A-4346-8FE4-DDEE5B08148F}"
EndProject
Project("{FAE04EC0-301F-11D3-BF4B-00C04F79EFBC}") = "InsomniaSessionMinion", "plugins\InsomniaServiceSessionBridge\InsomniaSessionMinion\InsomniaSessionMinion.csproj", "{060DA578-DFD5-42C2-B551-1AC4F823513C}"
EndProject
Project("{2150E333-8FDC-42A3-9474-1A3956D46DE8}") = "Solution Items", "Solution Items", "{5A15A5C1-BCB8-4A33-A400-30DD134D0D90}"
	ProjectSection(SolutionItems) = preProject
		.editorconfig = .editorconfig
	EndProjectSection
EndProject
Project("{9A19103F-16F7-4668-BE54-9A1E7A4F7556}") = "InsomniaServiceBridgeTest", "plugins\InsomniaServiceSessionBridge\InsomniaServiceBridgeTest\InsomniaServiceBridgeTest.csproj", "{0AEC22AA-631C-4EBD-9DBF-1AE1BBA3A3BC}"
EndProject
Project("{9A19103F-16F7-4668-BE54-9A1E7A4F7556}") = "InsomniaPipe", "plugins\InsomniaServiceSessionBridge\InsomniaPipe\InsomniaPipe.csproj", "{C91C407B-8DF5-4805-AABC-4EFE743C9BDE}"
EndProject
Project("{FAE04EC0-301F-11D3-BF4B-00C04F79EFBC}") = "DuoStreamIntegration", "plugins\DuoStreamIntegration\DuoStreamIntegration.csproj", "{C7985466-A47A-0237-B5C5-67D6867C15E5}"
EndProject
Global
	GlobalSection(SolutionConfigurationPlatforms) = preSolution
		Debug|Any CPU = Debug|Any CPU
		Release|Any CPU = Release|Any CPU
	EndGlobalSection
	GlobalSection(ProjectConfigurationPlatforms) = postSolution
		{512224F7-2D41-4E80-9907-DFA2EB7FB6E9}.Debug|Any CPU.ActiveCfg = Debug|Any CPU
		{512224F7-2D41-4E80-9907-DFA2EB7FB6E9}.Debug|Any CPU.Build.0 = Debug|Any CPU
		{512224F7-2D41-4E80-9907-DFA2EB7FB6E9}.Release|Any CPU.ActiveCfg = Release|Any CPU
		{512224F7-2D41-4E80-9907-DFA2EB7FB6E9}.Release|Any CPU.Build.0 = Release|Any CPU
		{F6D28417-9643-4E8D-BDA3-0F3F606B44E8}.Debug|Any CPU.ActiveCfg = Debug|Any CPU
		{F6D28417-9643-4E8D-BDA3-0F3F606B44E8}.Debug|Any CPU.Build.0 = Debug|Any CPU
		{F6D28417-9643-4E8D-BDA3-0F3F606B44E8}.Release|Any CPU.ActiveCfg = Release|Any CPU
		{F6D28417-9643-4E8D-BDA3-0F3F606B44E8}.Release|Any CPU.Build.0 = Release|Any CPU
		{455546CF-2C5A-4346-8FE4-DDEE5B08148F}.Debug|Any CPU.ActiveCfg = Debug|Any CPU
		{455546CF-2C5A-4346-8FE4-DDEE5B08148F}.Debug|Any CPU.Build.0 = Debug|Any CPU
		{455546CF-2C5A-4346-8FE4-DDEE5B08148F}.Release|Any CPU.ActiveCfg = Release|Any CPU
		{455546CF-2C5A-4346-8FE4-DDEE5B08148F}.Release|Any CPU.Build.0 = Release|Any CPU
		{060DA578-DFD5-42C2-B551-1AC4F823513C}.Debug|Any CPU.ActiveCfg = Debug|Any CPU
		{060DA578-DFD5-42C2-B551-1AC4F823513C}.Debug|Any CPU.Build.0 = Debug|Any CPU
		{060DA578-DFD5-42C2-B551-1AC4F823513C}.Release|Any CPU.ActiveCfg = Release|Any CPU
		{060DA578-DFD5-42C2-B551-1AC4F823513C}.Release|Any CPU.Build.0 = Release|Any CPU
		{0AEC22AA-631C-4EBD-9DBF-1AE1BBA3A3BC}.Debug|Any CPU.ActiveCfg = Debug|Any CPU
		{0AEC22AA-631C-4EBD-9DBF-1AE1BBA3A3BC}.Debug|Any CPU.Build.0 = Debug|Any CPU
		{0AEC22AA-631C-4EBD-9DBF-1AE1BBA3A3BC}.Release|Any CPU.ActiveCfg = Release|Any CPU
		{0AEC22AA-631C-4EBD-9DBF-1AE1BBA3A3BC}.Release|Any CPU.Build.0 = Release|Any CPU
		{C91C407B-8DF5-4805-AABC-4EFE743C9BDE}.Debug|Any CPU.ActiveCfg = Debug|Any CPU
		{C91C407B-8DF5-4805-AABC-4EFE743C9BDE}.Debug|Any CPU.Build.0 = Debug|Any CPU
		{C91C407B-8DF5-4805-AABC-4EFE743C9BDE}.Release|Any CPU.ActiveCfg = Release|Any CPU
		{C91C407B-8DF5-4805-AABC-4EFE743C9BDE}.Release|Any CPU.Build.0 = Release|Any CPU
		{C7985466-A47A-0237-B5C5-67D6867C15E5}.Debug|Any CPU.ActiveCfg = Debug|Any CPU
		{C7985466-A47A-0237-B5C5-67D6867C15E5}.Debug|Any CPU.Build.0 = Debug|Any CPU
		{C7985466-A47A-0237-B5C5-67D6867C15E5}.Release|Any CPU.ActiveCfg = Release|Any CPU
		{C7985466-A47A-0237-B5C5-67D6867C15E5}.Release|Any CPU.Build.0 = Release|Any CPU
	EndGlobalSection
	GlobalSection(SolutionProperties) = preSolution
		HideSolutionNode = FALSE
	EndGlobalSection
	GlobalSection(NestedProjects) = preSolution
		{912F8610-605E-4ED0-B735-A4C17CA1E99B} = {E9FBF5F7-F8DE-4AC6-8DCB-4D69B28318DA}
		{455546CF-2C5A-4346-8FE4-DDEE5B08148F} = {912F8610-605E-4ED0-B735-A4C17CA1E99B}
		{060DA578-DFD5-42C2-B551-1AC4F823513C} = {912F8610-605E-4ED0-B735-A4C17CA1E99B}
		{0AEC22AA-631C-4EBD-9DBF-1AE1BBA3A3BC} = {912F8610-605E-4ED0-B735-A4C17CA1E99B}
		{C91C407B-8DF5-4805-AABC-4EFE743C9BDE} = {912F8610-605E-4ED0-B735-A4C17CA1E99B}
		{C7985466-A47A-0237-B5C5-67D6867C15E5} = {E9FBF5F7-F8DE-4AC6-8DCB-4D69B28318DA}
	EndGlobalSection
	GlobalSection(ExtensibilityGlobals) = postSolution
		SolutionGuid = {D83C4742-EE14-422A-8E0F-EBAD8CC961DB}
	EndGlobalSection
EndGlobal
